
Microsoft Visual Studio Solution File, Format Version 12.00
# Visual Studio Version 17
VisualStudioVersion = 17.2.32630.192
MinimumVisualStudioVersion = 10.0.40219.1
Project("{FAE04EC0-301F-11D3-BF4B-00C04F79EFBC}") = "WpfApp2", "WpfApp2\WpfApp2.csproj", "{B5C14CAA-2B75-4F82-859B-09C0A5B0C527}"
EndProject
Global
	GlobalSection(SolutionConfigurationPlatforms) = preSolution
		Debug|Any CPU = Debug|Any CPU
		Release|Any CPU = Release|Any CPU
	EndGlobalSection
	GlobalSection(ProjectConfigurationPlatforms) = postSolution
		{B5C14CAA-2B75-4F82-859B-09C0A5B0C527}.Debug|Any CPU.ActiveCfg = Debug|Any CPU
		{B5C14CAA-2B75-4F82-859B-09C0A5B0C527}.Debug|Any CPU.Build.0 = Debug|Any CPU
		{B5C14CAA-2B75-4F82-859B-09C0A5B0C527}.Release|Any CPU.ActiveCfg = Release|Any CPU
		{B5C14CAA-2B75-4F82-859B-09C0A5B0C527}.Release|Any CPU.Build.0 = Release|Any CPU
	EndGlobalSection
	GlobalSection(SolutionProperties) = preSolution
		HideSolutionNode = FALSE
	EndGlobalSection
	GlobalSection(ExtensibilityGlobals) = postSolution
		SolutionGuid = {B0495816-131E-4D69-8A38-0181E1B6D9D6}
	EndGlobalSection
EndGlobal
